
Microsoft Visual Studio Solution File, Format Version 12.00
# Visual Studio Version 16
VisualStudioVersion = 16.0.32002.261
MinimumVisualStudioVersion = 10.0.40219.1
Project("{9A19103F-16F7-4668-BE54-9A1E7A4F7556}") = "NeoBank.API", "NeoBank.API\NeoBank.API.csproj", "{8B01B479-6291-427F-BADE-3F33BD271578}"
EndProject
Project("{9A19103F-16F7-4668-BE54-9A1E7A4F7556}") = "BusinessModel", "BusinessModel\BusinessModel.csproj", "{B169FC01-8EC1-4B43-9EE7-602F4DE634EC}"
EndProject
Project("{9A19103F-16F7-4668-BE54-9A1E7A4F7556}") = "BusinessDomain", "BusinessDomain\BusinessDomain.csproj", "{80088E87-3FD8-4FE1-AEE2-3390E8DB9C6C}"
EndProject
Project("{9A19103F-16F7-4668-BE54-9A1E7A4F7556}") = "DataAccess", "DataAccess\DataAccess.csproj", "{144684C4-E95A-4181-B04F-59971F4E5055}"
EndProject
Project("{9A19103F-16F7-4668-BE54-9A1E7A4F7556}") = "APIService", "APIService\APIService.csproj", "{3A05D2B3-652D-4D6B-A4AC-BD324C2BEC90}"
EndProject
Project("{FAE04EC0-301F-11D3-BF4B-00C04F79EFBC}") = "NeoBank.API.Test", "NeoBank.API.Test\NeoBank.API.Test.csproj", "{8F96F4BE-1F6B-4A3B-8AA4-DB8FBD63D5E4}"
EndProject
Global
	GlobalSection(SolutionConfigurationPlatforms) = preSolution
		Debug|Any CPU = Debug|Any CPU
		Release|Any CPU = Release|Any CPU
	EndGlobalSection
	GlobalSection(ProjectConfigurationPlatforms) = postSolution
		{8B01B479-6291-427F-BADE-3F33BD271578}.Debug|Any CPU.ActiveCfg = Debug|Any CPU
		{8B01B479-6291-427F-BADE-3F33BD271578}.Debug|Any CPU.Build.0 = Debug|Any CPU
		{8B01B479-6291-427F-BADE-3F33BD271578}.Release|Any CPU.ActiveCfg = Release|Any CPU
		{8B01B479-6291-427F-BADE-3F33BD271578}.Release|Any CPU.Build.0 = Release|Any CPU
		{B169FC01-8EC1-4B43-9EE7-602F4DE634EC}.Debug|Any CPU.ActiveCfg = Debug|Any CPU
		{B169FC01-8EC1-4B43-9EE7-602F4DE634EC}.Debug|Any CPU.Build.0 = Debug|Any CPU
		{B169FC01-8EC1-4B43-9EE7-602F4DE634EC}.Release|Any CPU.ActiveCfg = Release|Any CPU
		{B169FC01-8EC1-4B43-9EE7-602F4DE634EC}.Release|Any CPU.Build.0 = Release|Any CPU
		{80088E87-3FD8-4FE1-AEE2-3390E8DB9C6C}.Debug|Any CPU.ActiveCfg = Debug|Any CPU
		{80088E87-3FD8-4FE1-AEE2-3390E8DB9C6C}.Debug|Any CPU.Build.0 = Debug|Any CPU
		{80088E87-3FD8-4FE1-AEE2-3390E8DB9C6C}.Release|Any CPU.ActiveCfg = Release|Any CPU
		{80088E87-3FD8-4FE1-AEE2-3390E8DB9C6C}.Release|Any CPU.Build.0 = Release|Any CPU
		{144684C4-E95A-4181-B04F-59971F4E5055}.Debug|Any CPU.ActiveCfg = Debug|Any CPU
		{144684C4-E95A-4181-B04F-59971F4E5055}.Debug|Any CPU.Build.0 = Debug|Any CPU
		{144684C4-E95A-4181-B04F-59971F4E5055}.Release|Any CPU.ActiveCfg = Release|Any CPU
		{144684C4-E95A-4181-B04F-59971F4E5055}.Release|Any CPU.Build.0 = Release|Any CPU
		{3A05D2B3-652D-4D6B-A4AC-BD324C2BEC90}.Debug|Any CPU.ActiveCfg = Debug|Any CPU
		{3A05D2B3-652D-4D6B-A4AC-BD324C2BEC90}.Debug|Any CPU.Build.0 = Debug|Any CPU
		{3A05D2B3-652D-4D6B-A4AC-BD324C2BEC90}.Release|Any CPU.ActiveCfg = Release|Any CPU
		{3A05D2B3-652D-4D6B-A4AC-BD324C2BEC90}.Release|Any CPU.Build.0 = Release|Any CPU
		{8F96F4BE-1F6B-4A3B-8AA4-DB8FBD63D5E4}.Debug|Any CPU.ActiveCfg = Debug|Any CPU
		{8F96F4BE-1F6B-4A3B-8AA4-DB8FBD63D5E4}.Debug|Any CPU.Build.0 = Debug|Any CPU
		{8F96F4BE-1F6B-4A3B-8AA4-DB8FBD63D5E4}.Release|Any CPU.ActiveCfg = Release|Any CPU
		{8F96F4BE-1F6B-4A3B-8AA4-DB8FBD63D5E4}.Release|Any CPU.Build.0 = Release|Any CPU
	EndGlobalSection
	GlobalSection(SolutionProperties) = preSolution
		HideSolutionNode = FALSE
	EndGlobalSection
	GlobalSection(ExtensibilityGlobals) = postSolution
		SolutionGuid = {02AB830E-C37B-4007-B107-80109949194F}
	EndGlobalSection
EndGlobal
